
Microsoft Visual Studio Solution File, Format Version 12.00
# Visual Studio Version 17
VisualStudioVersion = 17.3.32901.215
MinimumVisualStudioVersion = 10.0.40219.1
Project("{FAE04EC0-301F-11D3-BF4B-00C04F79EFBC}") = "uygulama2", "uygulama2\uygulama2.csproj", "{8AD365F0-A8EF-4A3F-867E-8E8FDCDF3C2E}"
EndProject
Global
	GlobalSection(SolutionConfigurationPlatforms) = preSolution
		Debug|Any CPU = Debug|Any CPU
		Release|Any CPU = Release|Any CPU
	EndGlobalSection
	GlobalSection(ProjectConfigurationPlatforms) = postSolution
		{8AD365F0-A8EF-4A3F-867E-8E8FDCDF3C2E}.Debug|Any CPU.ActiveCfg = Debug|Any CPU
		{8AD365F0-A8EF-4A3F-867E-8E8FDCDF3C2E}.Debug|Any CPU.Build.0 = Debug|Any CPU
		{8AD365F0-A8EF-4A3F-867E-8E8FDCDF3C2E}.Release|Any CPU.ActiveCfg = Release|Any CPU
		{8AD365F0-A8EF-4A3F-867E-8E8FDCDF3C2E}.Release|Any CPU.Build.0 = Release|Any CPU
	EndGlobalSection
	GlobalSection(SolutionProperties) = preSolution
		HideSolutionNode = FALSE
	EndGlobalSection
	GlobalSection(ExtensibilityGlobals) = postSolution
		SolutionGuid = {D94C1D5C-CD7E-445B-B369-0A1DDF13B976}
	EndGlobalSection
EndGlobal
